{
  "name": "@tcbang/vendors",
  "version": "1.4.0",
  "lockfileVersion": 1,
  "requires": true,
  "dependencies": {
    "axios": {
      "version": "0.21.1",
      "resolved": "https://registry.npmjs.org/axios/-/axios-0.21.1.tgz",
      "integrity": "sha512-dKQiRHxGD9PPRIUNIWvZhPTPpl1rf/OxTYKsqKUDjBwYylTvV7SjSHJb9ratfyzM6wCdLCOYLzs73qpg5c4iGA==",
      "requires": {
        "follow-redirects": "^1.10.0"
      }
    },
    "copy-text-to-clipboard": {
      "version": "2.1.1",
      "resolved": "https://registry.npmjs.org/copy-text-to-clipboard/-/copy-text-to-clipboard-2.1.1.tgz",
      "integrity": "sha512-oSuMj4ArDGSLcLPsDhzWOhalzOVV0ErCHNfZNNr+spC+iWJ6PVSLzPPrJw/rcdFZyOhugn8iw6O0nrpY/ZrEMg=="
    },
    "follow-redirects": {
      "version": "1.13.1",
      "resolved": "https://registry.npmjs.org/follow-redirects/-/follow-redirects-1.13.1.tgz",
      "integrity": "sha512-SSG5xmZh1mkPGyKzjZP8zLjltIfpW32Y5QpdNJyjcfGxK3qo3NDDkZOZSFiGn1A6SclQxY9GzEwAHQ3dmYRWpg=="
    },
    "global.css": {
      "version": "1.1.0",
      "resolved": "https://registry.npmjs.org/global.css/-/global.css-1.1.0.tgz",
      "integrity": "sha512-bIP4n49d/Zz1czFDnCXdLwLsKO+G5jUhrlx5NGkrdpa9ugFn6ho4nqXRDWfkOeXDx8y+C/NfmBDCfvFxjQcY8A=="
    },
    "js-cookie": {
      "version": "2.2.1",
      "resolved": "https://registry.npmjs.org/js-cookie/-/js-cookie-2.2.1.tgz",
      "integrity": "sha512-HvdH2LzI/EAZcUwA8+0nKNtWHqS+ZmijLA30RwZA0bo7ToCckjK5MkGhjED9KoRcXO6BaGI3I9UIzSA1FKFPOQ=="
    },
    "lodash-es": {
      "version": "4.17.15",
      "resolved": "https://registry.npmjs.org/lodash-es/-/lodash-es-4.17.15.tgz",
      "integrity": "sha512-rlrc3yU3+JNOpZ9zj5pQtxnx2THmvRykwL4Xlxoa8I9lHBlVbbyPhgyPMioxVZ4NqyxaVVtaJnzsyOidQIhyyQ=="
    }
  }
}
